// !$*UTF8*$!
{
	archiveVersion = 1;
	classes = {
	};
	objectVersion = 46;
	objects = {

/* Begin PBXBuildFile section */
		E49A5D7B1D52E19A00CCBE4B /* HXCurrencySelectionViewController.m in Sources */ = {isa = PBXBuildFile; fileRef = E49A5D7A1D52E19A00CCBE4B /* HXCurrencySelectionViewController.m */; };
		E49A5D7F1D52E43400CCBE4B /* HXRequestManager.m in Sources */ = {isa = PBXBuildFile; fileRef = E49A5D7E1D52E43400CCBE4B /* HXRequestManager.m */; };
		E49A5D831D52EBE600CCBE4B /* HXCurrencyManager.m in Sources */ = {isa = PBXBuildFile; fileRef = E49A5D821D52EBE600CCBE4B /* HXCurrencyManager.m */; };
		E49A5D861D5336EF00CCBE4B /* xiaoguo.gif in Resources */ = {isa = PBXBuildFile; fileRef = E49A5D851D5336EF00CCBE4B /* xiaoguo.gif */; };
		E4B824741D51C7C90053DEB3 /* main.m in Sources */ = {isa = PBXBuildFile; fileRef = E4B824731D51C7C90053DEB3 /* main.m */; };
		E4B824771D51C7C90053DEB3 /* AppDelegate.m in Sources */ = {isa = PBXBuildFile; fileRef = E4B824761D51C7C90053DEB3 /* AppDelegate.m */; };
		E4B8247F1D51C7C90053DEB3 /* Assets.xcassets in Resources */ = {isa = PBXBuildFile; fileRef = E4B8247E1D51C7C90053DEB3 /* Assets.xcassets */; };
		E4B8248F1D51C9520053DEB3 /* HXHomeViewController.m in Sources */ = {isa = PBXBuildFile; fileRef = E4B8248D1D51C9520053DEB3 /* HXHomeViewController.m */; };
		E4B824901D51C9520053DEB3 /* HXHomeViewController.xib in Resources */ = {isa = PBXBuildFile; fileRef = E4B8248E1D51C9520053DEB3 /* HXHomeViewController.xib */; };
		E4B824951D51E2210053DEB3 /* currencycodetable.plist in Resources */ = {isa = PBXBuildFile; fileRef = E4B824941D51E2210053DEB3 /* currencycodetable.plist */; };
/* End PBXBuildFile section */

/* Begin PBXFileReference section */
		E49A5D791D52E19A00CCBE4B /* HXCurrencySelectionViewController.h */ = {isa = PBXFileReference; fileEncoding = 4; lastKnownFileType = sourcecode.c.h; path = HXCurrencySelectionViewController.h; sourceTree = "<group>"; };
		E49A5D7A1D52E19A00CCBE4B /* HXCurrencySelectionViewController.m */ = {isa = PBXFileReference; fileEncoding = 4; lastKnownFileType = sourcecode.c.objc; path = HXCurrencySelectionViewController.m; sourceTree = "<group>"; };
		E49A5D7D1D52E43400CCBE4B /* HXRequestManager.h */ = {isa = PBXFileReference; fileEncoding = 4; lastKnownFileType = sourcecode.c.h; path = HXRequestManager.h; sourceTree = "<group>"; };
		E49A5D7E1D52E43400CCBE4B /* HXRequestManager.m */ = {isa = PBXFileReference; fileEncoding = 4; lastKnownFileType = sourcecode.c.objc; path = HXRequestManager.m; sourceTree = "<group>"; };
		E49A5D811D52EBE600CCBE4B /* HXCurrencyManager.h */ = {isa = PBXFileReference; fileEncoding = 4; lastKnownFileType = sourcecode.c.h; path = HXCurrencyManager.h; sourceTree = "<group>"; };
		E49A5D821D52EBE600CCBE4B /* HXCurrencyManager.m */ = {isa = PBXFileReference; fileEncoding = 4; lastKnownFileType = sourcecode.c.objc; path = HXCurrencyManager.m; sourceTree = "<group>"; };
		E49A5D851D5336EF00CCBE4B /* xiaoguo.gif */ = {isa = PBXFileReference; lastKnownFileType = image.gif; path = xiaoguo.gif; sourceTree = "<group>"; };
		E4B8246F1D51C7C90053DEB3 /* HXCurrencyConversion.app */ = {isa = PBXFileReference; explicitFileType = wrapper.application; includeInIndex = 0; path = HXCurrencyConversion.app; sourceTree = BUILT_PRODUCTS_DIR; };
		E4B824731D51C7C90053DEB3 /* main.m */ = {isa = PBXFileReference; lastKnownFileType = sourcecode.c.objc; path = main.m; sourceTree = "<group>"; };
		E4B824751D51C7C90053DEB3 /* AppDelegate.h */ = {isa = PBXFileReference; lastKnownFileType = sourcecode.c.h; path = AppDelegate.h; sourceTree = "<group>"; };
		E4B824761D51C7C90053DEB3 /* AppDelegate.m */ = {isa = PBXFileReference; lastKnownFileType = sourcecode.c.objc; path = AppDelegate.m; sourceTree = "<group>"; };
		E4B8247E1D51C7C90053DEB3 /* Assets.xcassets */ = {isa = PBXFileReference; lastKnownFileType = folder.assetcatalog; path = Assets.xcassets; sourceTree = "<group>"; };
		E4B824831D51C7C90053DEB3 /* Info.plist */ = {isa = PBXFileReference; lastKnownFileType = text.plist.xml; path = Info.plist; sourceTree = "<group>"; };
		E4B8248C1D51C9520053DEB3 /* HXHomeViewController.h */ = {isa = PBXFileReference; fileEncoding = 4; lastKnownFileType = sourcecode.c.h; path = HXHomeViewController.h; sourceTree = "<group>"; };
		E4B8248D1D51C9520053DEB3 /* HXHomeViewController.m */ = {isa = PBXFileReference; fileEncoding = 4; lastKnownFileType = sourcecode.c.objc; path = HXHomeViewController.m; sourceTree = "<group>"; };
		E4B8248E1D51C9520053DEB3 /* HXHomeViewController.xib */ = {isa = PBXFileReference; fileEncoding = 4; lastKnownFileType = file.xib; path = HXHomeViewController.xib; sourceTree = "<group>"; };
		E4B824941D51E2210053DEB3 /* currencycodetable.plist */ = {isa = PBXFileReference; fileEncoding = 4; lastKnownFileType = text.plist.xml; path = currencycodetable.plist; sourceTree = "<group>"; };
/* End PBXFileReference section */

/* Begin PBXFrameworksBuildPhase section */
		E4B8246C1D51C7C90053DEB3 /* Frameworks */ = {
			isa = PBXFrameworksBuildPhase;
			buildActionMask = 2147483647;
			files = (
			);
			runOnlyForDeploymentPostprocessing = 0;
		};
/* End PBXFrameworksBuildPhase section */

/* Begin PBXGroup section */
		E49A5D7C1D52E3ED00CCBE4B /* Network */ = {
			isa = PBXGroup;
			children = (
				E49A5D7D1D52E43400CCBE4B /* HXRequestManager.h */,
				E49A5D7E1D52E43400CCBE4B /* HXRequestManager.m */,
			);
			path = Network;
			sourceTree = "<group>";
		};
		E49A5D801D52EBD200CCBE4B /* Currency */ = {
			isa = PBXGroup;
			children = (
				E49A5D811D52EBE600CCBE4B /* HXCurrencyManager.h */,
				E49A5D821D52EBE600CCBE4B /* HXCurrencyManager.m */,
			);
			path = Currency;
			sourceTree = "<group>";
		};
		E4B824661D51C7C90053DEB3 = {
			isa = PBXGroup;
			children = (
				E4B824711D51C7C90053DEB3 /* HXCurrencyConversion */,
				E4B824701D51C7C90053DEB3 /* Products */,
			);
			sourceTree = "<group>";
		};
		E4B824701D51C7C90053DEB3 /* Products */ = {
			isa = PBXGroup;
			children = (
				E4B8246F1D51C7C90053DEB3 /* HXCurrencyConversion.app */,
			);
			name = Products;
			sourceTree = "<group>";
		};
		E4B824711D51C7C90053DEB3 /* HXCurrencyConversion */ = {
			isa = PBXGroup;
			children = (
				E4B824751D51C7C90053DEB3 /* AppDelegate.h */,
				E4B824761D51C7C90053DEB3 /* AppDelegate.m */,
				E49A5D801D52EBD200CCBE4B /* Currency */,
				E49A5D7C1D52E3ED00CCBE4B /* Network */,
				E4B824891D51C9250053DEB3 /* Main */,
				E4B824721D51C7C90053DEB3 /* Supporting Files */,
			);
			path = HXCurrencyConversion;
			sourceTree = "<group>";
		};
		E4B824721D51C7C90053DEB3 /* Supporting Files */ = {
			isa = PBXGroup;
			children = (
				E49A5D851D5336EF00CCBE4B /* xiaoguo.gif */,
				E4B824941D51E2210053DEB3 /* currencycodetable.plist */,
				E4B8247E1D51C7C90053DEB3 /* Assets.xcassets */,
				E4B824831D51C7C90053DEB3 /* Info.plist */,
				E4B824731D51C7C90053DEB3 /* main.m */,
			);
			name = "Supporting Files";
			sourceTree = "<group>";
		};
		E4B824891D51C9250053DEB3 /* Main */ = {
			isa = PBXGroup;
			children = (
				E4B8248A1D51C9250053DEB3 /* View */,
				E4B8248B1D51C9250053DEB3 /* ViewController */,
			);
			path = Main;
			sourceTree = "<group>";
		};
		E4B8248A1D51C9250053DEB3 /* View */ = {
			isa = PBXGroup;
			children = (
			);
			path = View;
			sourceTree = "<group>";
		};
		E4B8248B1D51C9250053DEB3 /* ViewController */ = {
			isa = PBXGroup;
			children = (
				E4B8248C1D51C9520053DEB3 /* HXHomeViewController.h */,
				E4B8248D1D51C9520053DEB3 /* HXHomeViewController.m */,
				E4B8248E1D51C9520053DEB3 /* HXHomeViewController.xib */,
				E49A5D791D52E19A00CCBE4B /* HXCurrencySelectionViewController.h */,
				E49A5D7A1D52E19A00CCBE4B /* HXCurrencySelectionViewController.m */,
			);
			path = ViewController;
			sourceTree = "<group>";
		};
/* End PBXGroup section */

/* Begin PBXNativeTarget section */
		E4B8246E1D51C7C90053DEB3 /* HXCurrencyConversion */ = {
			isa = PBXNativeTarget;
			buildConfigurationList = E4B824861D51C7C90053DEB3 /* Build configuration list for PBXNativeTarget "HXCurrencyConversion" */;
			buildPhases = (
				E4B8246B1D51C7C90053DEB3 /* Sources */,
				E4B8246C1D51C7C90053DEB3 /* Frameworks */,
				E4B8246D1D51C7C90053DEB3 /* Resources */,
			);
			buildRules = (
			);
			dependencies = (
			);
			name = HXCurrencyConversion;
			productName = HXCurrencyConversion;
			productReference = E4B8246F1D51C7C90053DEB3 /* HXCurrencyConversion.app */;
			productType = "com.apple.product-type.application";
		};
/* End PBXNativeTarget section */

/* Begin PBXProject section */
		E4B824671D51C7C90053DEB3 /* Project object */ = {
			isa = PBXProject;
			attributes = {
				LastUpgradeCheck = 0720;
				ORGANIZATIONNAME = "黄轩";
				TargetAttributes = {
					E4B8246E1D51C7C90053DEB3 = {
						CreatedOnToolsVersion = 7.2.1;
					};
				};
			};
			buildConfigurationList = E4B8246A1D51C7C90053DEB3 /* Build configuration list for PBXProject "HXCurrencyConversion" */;
			compatibilityVersion = "Xcode 3.2";
			developmentRegion = English;
			hasScannedForEncodings = 0;
			knownRegions = (
				en,
				Base,
			);
			mainGroup = E4B824661D51C7C90053DEB3;
			productRefGroup = E4B824701D51C7C90053DEB3 /* Products */;
			projectDirPath = "";
			projectRoot = "";
			targets = (
				E4B8246E1D51C7C90053DEB3 /* HXCurrencyConversion */,
			);
		};
/* End PBXProject section */

/* Begin PBXResourcesBuildPhase section */
		E4B8246D1D51C7C90053DEB3 /* Resources */ = {
			isa = PBXResourcesBuildPhase;
			buildActionMask = 2147483647;
			files = (
				E4B8247F1D51C7C90053DEB3 /* Assets.xcassets in Resources */,
				E4B824901D51C9520053DEB3 /* HXHomeViewController.xib in Resources */,
				E4B824951D51E2210053DEB3 /* currencycodetable.plist in Resources */,
				E49A5D861D5336EF00CCBE4B /* xiaoguo.gif in Resources */,
			);
			runOnlyForDeploymentPostprocessing = 0;
		};
/* End PBXResourcesBuildPhase section */

/* Begin PBXSourcesBuildPhase section */
		E4B8246B1D51C7C90053DEB3 /* Sources */ = {
			isa = PBXSourcesBuildPhase;
			buildActionMask = 2147483647;
			files = (
				E49A5D7F1D52E43400CCBE4B /* HXRequestManager.m in Sources */,
				E4B824771D51C7C90053DEB3 /* AppDelegate.m in Sources */,
				E49A5D7B1D52E19A00CCBE4B /* HXCurrencySelectionViewController.m in Sources */,
				E4B8248F1D51C9520053DEB3 /* HXHomeViewController.m in Sources */,
				E49A5D831D52EBE600CCBE4B /* HXCurrencyManager.m in Sources */,
				E4B824741D51C7C90053DEB3 /* main.m in Sources */,
			);
			runOnlyForDeploymentPostprocessing = 0;
		};
/* End PBXSourcesBuildPhase section */

/* Begin XCBuildConfiguration section */
		E4B824841D51C7C90053DEB3 /* Debug */ = {
			isa = XCBuildConfiguration;
			buildSettings = {
				ALWAYS_SEARCH_USER_PATHS = NO;
				CLANG_CXX_LANGUAGE_STANDARD = "gnu++0x";
				CLANG_CXX_LIBRARY = "libc++";
				CLANG_ENABLE_MODULES = YES;
				CLANG_ENABLE_OBJC_ARC = YES;
				CLANG_WARN_BOOL_CONVERSION = YES;
				CLANG_WARN_CONSTANT_CONVERSION = YES;
				CLANG_WARN_DIRECT_OBJC_ISA_USAGE = YES_ERROR;
				CLANG_WARN_EMPTY_BODY = YES;
				CLANG_WARN_ENUM_CONVERSION = YES;
				CLANG_WARN_INT_CONVERSION = YES;
				CLANG_WARN_OBJC_ROOT_CLASS = YES_ERROR;
				CLANG_WARN_UNREACHABLE_CODE = YES;
				CLANG_WARN__DUPLICATE_METHOD_MATCH = YES;
				"CODE_SIGN_IDENTITY[sdk=iphoneos*]" = "iPhone Developer";
				COPY_PHASE_STRIP = NO;
				DEBUG_INFORMATION_FORMAT = dwarf;
				ENABLE_STRICT_OBJC_MSGSEND = YES;
				ENABLE_TESTABILITY = YES;
				GCC_C_LANGUAGE_STANDARD = gnu99;
				GCC_DYNAMIC_NO_PIC = NO;
				GCC_NO_COMMON_BLOCKS = YES;
				GCC_OPTIMIZATION_LEVEL = 0;
				GCC_PREPROCESSOR_DEFINITIONS = (
					"DEBUG=1",
					"$(inherited)",
				);
				GCC_WARN_64_TO_32_BIT_CONVERSION = YES;
				GCC_WARN_ABOUT_RETURN_TYPE = YES_ERROR;
				GCC_WARN_UNDECLARED_SELECTOR = YES;
				GCC_WARN_UNINITIALIZED_AUTOS = YES_AGGRESSIVE;
				GCC_WARN_UNUSED_FUNCTION = YES;
				GCC_WARN_UNUSED_VARIABLE = YES;
				IPHONEOS_DEPLOYMENT_TARGET = 9.2;
				MTL_ENABLE_DEBUG_INFO = YES;
				ONLY_ACTIVE_ARCH = YES;
				SDKROOT = iphoneos;
			};
			name = Debug;
		};
		E4B824851D51C7C90053DEB3 /* Release */ = {
			isa = XCBuildConfiguration;
			buildSettings = {
				ALWAYS_SEARCH_USER_PATHS = NO;
				CLANG_CXX_LANGUAGE_STANDARD = "gnu++0x";
				CLANG_CXX_LIBRARY = "libc++";
				CLANG_ENABLE_MODULES = YES;
				CLANG_ENABLE_OBJC_ARC = YES;
				CLANG_WARN_BOOL_CONVERSION = YES;
				CLANG_WARN_CONSTANT_CONVERSION = YES;
				CLANG_WARN_DIRECT_OBJC_ISA_USAGE = YES_ERROR;
				CLANG_WARN_EMPTY_BODY = YES;
				CLANG_WARN_ENUM_CONVERSION = YES;
				CLANG_WARN_INT_CONVERSION = YES;
				CLANG_WARN_OBJC_ROOT_CLASS = YES_ERROR;
				CLANG_WARN_UNREACHABLE_CODE = YES;
				CLANG_WARN__DUPLICATE_METHOD_MATCH = YES;
				"CODE_SIGN_IDENTITY[sdk=iphoneos*]" = "iPhone Developer";
				COPY_PHASE_STRIP = NO;
				DEBUG_INFORMATION_FORMAT = "dwarf-with-dsym";
				ENABLE_NS_ASSERTIONS = NO;
				ENABLE_STRICT_OBJC_MSGSEND = YES;
				GCC_C_LANGUAGE_STANDARD = gnu99;
				GCC_NO_COMMON_BLOCKS = YES;
				GCC_WARN_64_TO_32_BIT_CONVERSION = YES;
				GCC_WARN_ABOUT_RETURN_TYPE = YES_ERROR;
				GCC_WARN_UNDECLARED_SELECTOR = YES;
				GCC_WARN_UNINITIALIZED_AUTOS = YES_AGGRESSIVE;
				GCC_WARN_UNUSED_FUNCTION = YES;
				GCC_WARN_UNUSED_VARIABLE = YES;
				IPHONEOS_DEPLOYMENT_TARGET = 9.2;
				MTL_ENABLE_DEBUG_INFO = NO;
				SDKROOT = iphoneos;
				VALIDATE_PRODUCT = YES;
			};
			name = Release;
		};
		E4B824871D51C7C90053DEB3 /* Debug */ = {
			isa = XCBuildConfiguration;
			buildSettings = {
				ASSETCATALOG_COMPILER_APPICON_NAME = AppIcon;
				ASSETCATALOG_COMPILER_LAUNCHIMAGE_NAME = LaunchImage;
				INFOPLIST_FILE = HXCurrencyConversion/Info.plist;
				IPHONEOS_DEPLOYMENT_TARGET = 8.0;
				LD_RUNPATH_SEARCH_PATHS = "$(inherited) @executable_path/Frameworks";
				PRODUCT_BUNDLE_IDENTIFIER = blog.libuqing.com.HXCurrencyConversion;
				PRODUCT_NAME = "$(TARGET_NAME)";
			};
			name = Debug;
		};
		E4B824881D51C7C90053DEB3 /* Release */ = {
			isa = XCBuildConfiguration;
			buildSettings = {
				ASSETCATALOG_COMPILER_APPICON_NAME = AppIcon;
				ASSETCATALOG_COMPILER_LAUNCHIMAGE_NAME = LaunchImage;
				INFOPLIST_FILE = HXCurrencyConversion/Info.plist;
				IPHONEOS_DEPLOYMENT_TARGET = 8.0;
				LD_RUNPATH_SEARCH_PATHS = "$(inherited) @executable_path/Frameworks";
				PRODUCT_BUNDLE_IDENTIFIER = blog.libuqing.com.HXCurrencyConversion;
				PRODUCT_NAME = "$(TARGET_NAME)";
			};
			name = Release;
		};
/* End XCBuildConfiguration section */

/* Begin XCConfigurationList section */
		E4B8246A1D51C7C90053DEB3 /* Build configuration list for PBXProject "HXCurrencyConversion" */ = {
			isa = XCConfigurationList;
			buildConfigurations = (
				E4B824841D51C7C90053DEB3 /* Debug */,
				E4B824851D51C7C90053DEB3 /* Release */,
			);
			defaultConfigurationIsVisible = 0;
			defaultConfigurationName = Release;
		};
		E4B824861D51C7C90053DEB3 /* Build configuration list for PBXNativeTarget "HXCurrencyConversion" */ = {
			isa = XCConfigurationList;
			buildConfigurations = (
				E4B824871D51C7C90053DEB3 /* Debug */,
				E4B824881D51C7C90053DEB3 /* Release */,
			);
			defaultConfigurationIsVisible = 0;
			defaultConfigurationName = Release;
		};
/* End XCConfigurationList section */
	};
	rootObject = E4B824671D51C7C90053DEB3 /* Project object */;
}
